
Microsoft Visual Studio Solution File, Format Version 12.00
# Visual Studio Version 17
VisualStudioVersion = 17.5.33424.131
MinimumVisualStudioVersion = 10.0.40219.1
Project("{9A19103F-16F7-4668-BE54-9A1E7A4F7556}") = "eShopSolution.WebApp", "eShopSolution.WebApp\eShopSolution.WebApp.csproj", "{875B39A4-510E-4298-AE15-3EF68D057894}"
EndProject
Project("{2150E333-8FDC-42A3-9474-1A3956D46DE8}") = "0. Solution Items", "0. Solution Items", "{F88A1CB1-C03A-4C18-8322-F772817AF5A0}"
	ProjectSection(SolutionItems) = preProject
		README.md = README.md
	EndProjectSection
EndProject
Project("{9A19103F-16F7-4668-BE54-9A1E7A4F7556}") = "eShopSolution.Data", "eShopSolution.Data\eShopSolution.Data.csproj", "{34B0876E-DEF1-412B-AB35-9327C16B34DC}"
EndProject
Project("{9A19103F-16F7-4668-BE54-9A1E7A4F7556}") = "eShopSolution.Application", "eShopSolution.Application\eShopSolution.Application.csproj", "{6F855813-795C-4C24-B4A7-2E73D2042C44}"
EndProject
Project("{9A19103F-16F7-4668-BE54-9A1E7A4F7556}") = "eShopSolution.Utilities", "eShopSolution.Utilities\eShopSolution.Utilities.csproj", "{49C605E1-8E9A-4BCE-84FA-C075B579B056}"
EndProject
Project("{9A19103F-16F7-4668-BE54-9A1E7A4F7556}") = "eShopSolution.ViewModels", "eShopSolution.ViewModels\eShopSolution.ViewModels.csproj", "{8EF6D276-410F-4305-B20A-D435CADE7B89}"
EndProject
Project("{FAE04EC0-301F-11D3-BF4B-00C04F79EFBC}") = "eShopSolution.BackendApi", "eShopSolution.BackendApi\eShopSolution.BackendApi.csproj", "{38CDEDDD-696D-4357-BAAD-CA09B9A25346}"
EndProject
Project("{2150E333-8FDC-42A3-9474-1A3956D46DE8}") = "1. Infrastructure", "1. Infrastructure", "{B2C96EAC-51D4-4B7F-A76E-5903E4AB3C9A}"
EndProject
Project("{2150E333-8FDC-42A3-9474-1A3956D46DE8}") = "2. Domain", "2. Domain", "{7F19DFBC-71E5-44F0-802F-75B125D67518}"
EndProject
Project("{2150E333-8FDC-42A3-9474-1A3956D46DE8}") = "3. Hosts", "3. Hosts", "{98FFC6E4-34EA-4581-B674-A514FEA31878}"
EndProject
Global
	GlobalSection(SolutionConfigurationPlatforms) = preSolution
		Debug|Any CPU = Debug|Any CPU
		Release|Any CPU = Release|Any CPU
	EndGlobalSection
	GlobalSection(ProjectConfigurationPlatforms) = postSolution
		{875B39A4-510E-4298-AE15-3EF68D057894}.Debug|Any CPU.ActiveCfg = Debug|Any CPU
		{875B39A4-510E-4298-AE15-3EF68D057894}.Debug|Any CPU.Build.0 = Debug|Any CPU
		{875B39A4-510E-4298-AE15-3EF68D057894}.Release|Any CPU.ActiveCfg = Release|Any CPU
		{875B39A4-510E-4298-AE15-3EF68D057894}.Release|Any CPU.Build.0 = Release|Any CPU
		{34B0876E-DEF1-412B-AB35-9327C16B34DC}.Debug|Any CPU.ActiveCfg = Debug|Any CPU
		{34B0876E-DEF1-412B-AB35-9327C16B34DC}.Debug|Any CPU.Build.0 = Debug|Any CPU
		{34B0876E-DEF1-412B-AB35-9327C16B34DC}.Release|Any CPU.ActiveCfg = Release|Any CPU
		{34B0876E-DEF1-412B-AB35-9327C16B34DC}.Release|Any CPU.Build.0 = Release|Any CPU
		{6F855813-795C-4C24-B4A7-2E73D2042C44}.Debug|Any CPU.ActiveCfg = Debug|Any CPU
		{6F855813-795C-4C24-B4A7-2E73D2042C44}.Debug|Any CPU.Build.0 = Debug|Any CPU
		{6F855813-795C-4C24-B4A7-2E73D2042C44}.Release|Any CPU.ActiveCfg = Release|Any CPU
		{6F855813-795C-4C24-B4A7-2E73D2042C44}.Release|Any CPU.Build.0 = Release|Any CPU
		{49C605E1-8E9A-4BCE-84FA-C075B579B056}.Debug|Any CPU.ActiveCfg = Debug|Any CPU
		{49C605E1-8E9A-4BCE-84FA-C075B579B056}.Debug|Any CPU.Build.0 = Debug|Any CPU
		{49C605E1-8E9A-4BCE-84FA-C075B579B056}.Release|Any CPU.ActiveCfg = Release|Any CPU
		{49C605E1-8E9A-4BCE-84FA-C075B579B056}.Release|Any CPU.Build.0 = Release|Any CPU
		{8EF6D276-410F-4305-B20A-D435CADE7B89}.Debug|Any CPU.ActiveCfg = Debug|Any CPU
		{8EF6D276-410F-4305-B20A-D435CADE7B89}.Debug|Any CPU.Build.0 = Debug|Any CPU
		{8EF6D276-410F-4305-B20A-D435CADE7B89}.Release|Any CPU.ActiveCfg = Release|Any CPU
		{8EF6D276-410F-4305-B20A-D435CADE7B89}.Release|Any CPU.Build.0 = Release|Any CPU
		{38CDEDDD-696D-4357-BAAD-CA09B9A25346}.Debug|Any CPU.ActiveCfg = Debug|Any CPU
		{38CDEDDD-696D-4357-BAAD-CA09B9A25346}.Debug|Any CPU.Build.0 = Debug|Any CPU
		{38CDEDDD-696D-4357-BAAD-CA09B9A25346}.Release|Any CPU.ActiveCfg = Release|Any CPU
		{38CDEDDD-696D-4357-BAAD-CA09B9A25346}.Release|Any CPU.Build.0 = Release|Any CPU
	EndGlobalSection
	GlobalSection(SolutionProperties) = preSolution
		HideSolutionNode = FALSE
	EndGlobalSection
	GlobalSection(NestedProjects) = preSolution
		{875B39A4-510E-4298-AE15-3EF68D057894} = {98FFC6E4-34EA-4581-B674-A514FEA31878}
		{34B0876E-DEF1-412B-AB35-9327C16B34DC} = {7F19DFBC-71E5-44F0-802F-75B125D67518}
		{6F855813-795C-4C24-B4A7-2E73D2042C44} = {7F19DFBC-71E5-44F0-802F-75B125D67518}
		{49C605E1-8E9A-4BCE-84FA-C075B579B056} = {B2C96EAC-51D4-4B7F-A76E-5903E4AB3C9A}
		{8EF6D276-410F-4305-B20A-D435CADE7B89} = {B2C96EAC-51D4-4B7F-A76E-5903E4AB3C9A}
		{38CDEDDD-696D-4357-BAAD-CA09B9A25346} = {98FFC6E4-34EA-4581-B674-A514FEA31878}
	EndGlobalSection
	GlobalSection(ExtensibilityGlobals) = postSolution
		SolutionGuid = {D1701699-B87D-46C9-96FA-284EE035ED24}
	EndGlobalSection
EndGlobal
